
Microsoft Visual Studio Solution File, Format Version 12.00
# Visual Studio Version 16
VisualStudioVersion = 16.0.31702.278
MinimumVisualStudioVersion = 10.0.40219.1
Project("{FAE04EC0-301F-11D3-BF4B-00C04F79EFBC}") = "WebApplication", "WebApplication\WebApplication.csproj", "{F461C179-31CD-4FE5-8CAA-995C13EA1BFA}"
EndProject
Global
	GlobalSection(SolutionConfigurationPlatforms) = preSolution
		Debug|Any CPU = Debug|Any CPU
		Release|Any CPU = Release|Any CPU
	EndGlobalSection
	GlobalSection(ProjectConfigurationPlatforms) = postSolution
		{F461C179-31CD-4FE5-8CAA-995C13EA1BFA}.Debug|Any CPU.ActiveCfg = Debug|Any CPU
		{F461C179-31CD-4FE5-8CAA-995C13EA1BFA}.Debug|Any CPU.Build.0 = Debug|Any CPU
		{F461C179-31CD-4FE5-8CAA-995C13EA1BFA}.Release|Any CPU.ActiveCfg = Release|Any CPU
		{F461C179-31CD-4FE5-8CAA-995C13EA1BFA}.Release|Any CPU.Build.0 = Release|Any CPU
	EndGlobalSection
	GlobalSection(SolutionProperties) = preSolution
		HideSolutionNode = FALSE
	EndGlobalSection
	GlobalSection(ExtensibilityGlobals) = postSolution
		SolutionGuid = {292E7C20-8A9C-4815-A70A-BEF5C85C7DE0}
	EndGlobalSection
EndGlobal
